
Microsoft Visual Studio Solution File, Format Version 12.00
# Visual Studio Version 17
VisualStudioVersion = 17.10.35013.160
MinimumVisualStudioVersion = 10.0.40219.1
Project("{FAE04EC0-301F-11D3-BF4B-00C04F79EFBC}") = "ClothingStore.Mvc", "ClothingStore.Mvc\ClothingStore.Mvc.csproj", "{044F8AC2-4A8E-4CED-8852-9A2451813BAA}"
EndProject
Project("{FAE04EC0-301F-11D3-BF4B-00C04F79EFBC}") = "ClothingStore.Domain", "ClothingStore.Domain\ClothingStore.Domain.csproj", "{A7B9E9B7-E7BE-4B6D-ACBD-B711EB470D4D}"
EndProject
Project("{FAE04EC0-301F-11D3-BF4B-00C04F79EFBC}") = "ClothingStore.Application", "ClothingStore.Application\ClothingStore.Application.csproj", "{47F236DA-EAB3-4A9A-9FC9-524FFE7EBBF1}"
EndProject
Project("{FAE04EC0-301F-11D3-BF4B-00C04F79EFBC}") = "ClothingStore.Application.Contracts", "ClothingStore.Application.Contracts\ClothingStore.Application.Contracts.csproj", "{728445D8-470D-425C-9E36-744C2568B894}"
EndProject
Project("{FAE04EC0-301F-11D3-BF4B-00C04F79EFBC}") = "ClothingStore.Infrastructure", "ClothingStore.Infrastructure\ClothingStore.Infrastructure.csproj", "{005326BC-1959-48CA-8604-8EEEC44A7308}"
EndProject
Global
	GlobalSection(SolutionConfigurationPlatforms) = preSolution
		Debug|Any CPU = Debug|Any CPU
		Release|Any CPU = Release|Any CPU
	EndGlobalSection
	GlobalSection(ProjectConfigurationPlatforms) = postSolution
		{044F8AC2-4A8E-4CED-8852-9A2451813BAA}.Debug|Any CPU.ActiveCfg = Debug|Any CPU
		{044F8AC2-4A8E-4CED-8852-9A2451813BAA}.Debug|Any CPU.Build.0 = Debug|Any CPU
		{044F8AC2-4A8E-4CED-8852-9A2451813BAA}.Release|Any CPU.ActiveCfg = Release|Any CPU
		{044F8AC2-4A8E-4CED-8852-9A2451813BAA}.Release|Any CPU.Build.0 = Release|Any CPU
		{A7B9E9B7-E7BE-4B6D-ACBD-B711EB470D4D}.Debug|Any CPU.ActiveCfg = Debug|Any CPU
		{A7B9E9B7-E7BE-4B6D-ACBD-B711EB470D4D}.Debug|Any CPU.Build.0 = Debug|Any CPU
		{A7B9E9B7-E7BE-4B6D-ACBD-B711EB470D4D}.Release|Any CPU.ActiveCfg = Release|Any CPU
		{A7B9E9B7-E7BE-4B6D-ACBD-B711EB470D4D}.Release|Any CPU.Build.0 = Release|Any CPU
		{47F236DA-EAB3-4A9A-9FC9-524FFE7EBBF1}.Debug|Any CPU.ActiveCfg = Debug|Any CPU
		{47F236DA-EAB3-4A9A-9FC9-524FFE7EBBF1}.Debug|Any CPU.Build.0 = Debug|Any CPU
		{47F236DA-EAB3-4A9A-9FC9-524FFE7EBBF1}.Release|Any CPU.ActiveCfg = Release|Any CPU
		{47F236DA-EAB3-4A9A-9FC9-524FFE7EBBF1}.Release|Any CPU.Build.0 = Release|Any CPU
		{728445D8-470D-425C-9E36-744C2568B894}.Debug|Any CPU.ActiveCfg = Debug|Any CPU
		{728445D8-470D-425C-9E36-744C2568B894}.Debug|Any CPU.Build.0 = Debug|Any CPU
		{728445D8-470D-425C-9E36-744C2568B894}.Release|Any CPU.ActiveCfg = Release|Any CPU
		{728445D8-470D-425C-9E36-744C2568B894}.Release|Any CPU.Build.0 = Release|Any CPU
		{005326BC-1959-48CA-8604-8EEEC44A7308}.Debug|Any CPU.ActiveCfg = Debug|Any CPU
		{005326BC-1959-48CA-8604-8EEEC44A7308}.Debug|Any CPU.Build.0 = Debug|Any CPU
		{005326BC-1959-48CA-8604-8EEEC44A7308}.Release|Any CPU.ActiveCfg = Release|Any CPU
		{005326BC-1959-48CA-8604-8EEEC44A7308}.Release|Any CPU.Build.0 = Release|Any CPU
	EndGlobalSection
	GlobalSection(SolutionProperties) = preSolution
		HideSolutionNode = FALSE
	EndGlobalSection
	GlobalSection(ExtensibilityGlobals) = postSolution
		SolutionGuid = {DC61CC80-D699-4C46-8C71-4B7DB3E95000}
	EndGlobalSection
EndGlobal
